// !$*UTF8*$!
{
	archiveVersion = 1;
	classes = {
	};
	objectVersion = 46;
	objects = {

/* Begin PBXBuildFile section */
		18C589ED1B2DDED000B8A5EB /* main.m in Sources */ = {isa = PBXBuildFile; fileRef = 18C589EC1B2DDED000B8A5EB /* main.m */; };
		18C589F01B2DDED000B8A5EB /* AppDelegate.m in Sources */ = {isa = PBXBuildFile; fileRef = 18C589EF1B2DDED000B8A5EB /* AppDelegate.m */; };
		18C589F31B2DDED000B8A5EB /* ViewController.m in Sources */ = {isa = PBXBuildFile; fileRef = 18C589F21B2DDED000B8A5EB /* ViewController.m */; };
		18C589F61B2DDED000B8A5EB /* Main.storyboard in Resources */ = {isa = PBXBuildFile; fileRef = 18C589F41B2DDED000B8A5EB /* Main.storyboard */; };
		18C589F81B2DDED000B8A5EB /* Images.xcassets in Resources */ = {isa = PBXBuildFile; fileRef = 18C589F71B2DDED000B8A5EB /* Images.xcassets */; };
		18C589FB1B2DDED000B8A5EB /* LaunchScreen.xib in Resources */ = {isa = PBXBuildFile; fileRef = 18C589F91B2DDED000B8A5EB /* LaunchScreen.xib */; };
		18C58A071B2DDED000B8A5EB /* SuperCardTests.m in Sources */ = {isa = PBXBuildFile; fileRef = 18C58A061B2DDED000B8A5EB /* SuperCardTests.m */; };
/* End PBXBuildFile section */

/* Begin PBXContainerItemProxy section */
		18C58A011B2DDED000B8A5EB /* PBXContainerItemProxy */ = {
			isa = PBXContainerItemProxy;
			containerPortal = 18C589DF1B2DDED000B8A5EB /* Project object */;
			proxyType = 1;
			remoteGlobalIDString = 18C589E61B2DDED000B8A5EB;
			remoteInfo = SuperCard;
		};
/* End PBXContainerItemProxy section */

/* Begin PBXFileReference section */
		18C589E71B2DDED000B8A5EB /* SuperCard.app */ = {isa = PBXFileReference; explicitFileType = wrapper.application; includeInIndex = 0; path = SuperCard.app; sourceTree = BUILT_PRODUCTS_DIR; };
		18C589EB1B2DDED000B8A5EB /* Info.plist */ = {isa = PBXFileReference; lastKnownFileType = text.plist.xml; path = Info.plist; sourceTree = "<group>"; };
		18C589EC1B2DDED000B8A5EB /* main.m */ = {isa = PBXFileReference; lastKnownFileType = sourcecode.c.objc; path = main.m; sourceTree = "<group>"; };
		18C589EE1B2DDED000B8A5EB /* AppDelegate.h */ = {isa = PBXFileReference; lastKnownFileType = sourcecode.c.h; path = AppDelegate.h; sourceTree = "<group>"; };
		18C589EF1B2DDED000B8A5EB /* AppDelegate.m */ = {isa = PBXFileReference; lastKnownFileType = sourcecode.c.objc; path = AppDelegate.m; sourceTree = "<group>"; };
		18C589F11B2DDED000B8A5EB /* ViewController.h */ = {isa = PBXFileReference; lastKnownFileType = sourcecode.c.h; path = ViewController.h; sourceTree = "<group>"; };
		18C589F21B2DDED000B8A5EB /* ViewController.m */ = {isa = PBXFileReference; lastKnownFileType = sourcecode.c.objc; path = ViewController.m; sourceTree = "<group>"; };
		18C589F51B2DDED000B8A5EB /* Base */ = {isa = PBXFileReference; lastKnownFileType = file.storyboard; name = Base; path = Base.lproj/Main.storyboard; sourceTree = "<group>"; };
		18C589F71B2DDED000B8A5EB /* Images.xcassets */ = {isa = PBXFileReference; lastKnownFileType = folder.assetcatalog; path = Images.xcassets; sourceTree = "<group>"; };
		18C589FA1B2DDED000B8A5EB /* Base */ = {isa = PBXFileReference; lastKnownFileType = file.xib; name = Base; path = Base.lproj/LaunchScreen.xib; sourceTree = "<group>"; };
		18C58A001B2DDED000B8A5EB /* SuperCardTests.xctest */ = {isa = PBXFileReference; explicitFileType = wrapper.cfbundle; includeInIndex = 0; path = SuperCardTests.xctest; sourceTree = BUILT_PRODUCTS_DIR; };
		18C58A051B2DDED000B8A5EB /* Info.plist */ = {isa = PBXFileReference; lastKnownFileType = text.plist.xml; path = Info.plist; sourceTree = "<group>"; };
		18C58A061B2DDED000B8A5EB /* SuperCardTests.m */ = {isa = PBXFileReference; lastKnownFileType = sourcecode.c.objc; path = SuperCardTests.m; sourceTree = "<group>"; };
/* End PBXFileReference section */

/* Begin PBXFrameworksBuildPhase section */
		18C589E41B2DDED000B8A5EB /* Frameworks */ = {
			isa = PBXFrameworksBuildPhase;
			buildActionMask = 2147483647;
			files = (
			);
			runOnlyForDeploymentPostprocessing = 0;
		};
		18C589FD1B2DDED000B8A5EB /* Frameworks */ = {
			isa = PBXFrameworksBuildPhase;
			buildActionMask = 2147483647;
			files = (
			);
			runOnlyForDeploymentPostprocessing = 0;
		};
/* End PBXFrameworksBuildPhase section */

/* Begin PBXGroup section */
		18C589DE1B2DDED000B8A5EB = {
			isa = PBXGroup;
			children = (
				18C589E91B2DDED000B8A5EB /* SuperCard */,
				18C58A031B2DDED000B8A5EB /* SuperCardTests */,
				18C589E81B2DDED000B8A5EB /* Products */,
			);
			sourceTree = "<group>";
		};
		18C589E81B2DDED000B8A5EB /* Products */ = {
			isa = PBXGroup;
			children = (
				18C589E71B2DDED000B8A5EB /* SuperCard.app */,
				18C58A001B2DDED000B8A5EB /* SuperCardTests.xctest */,
			);
			name = Products;
			sourceTree = "<group>";
		};
		18C589E91B2DDED000B8A5EB /* SuperCard */ = {
			isa = PBXGroup;
			children = (
				18C589EE1B2DDED000B8A5EB /* AppDelegate.h */,
				18C589EF1B2DDED000B8A5EB /* AppDelegate.m */,
				18C589F11B2DDED000B8A5EB /* ViewController.h */,
				18C589F21B2DDED000B8A5EB /* ViewController.m */,
				18C589F41B2DDED000B8A5EB /* Main.storyboard */,
				18C589F71B2DDED000B8A5EB /* Images.xcassets */,
				18C589F91B2DDED000B8A5EB /* LaunchScreen.xib */,
				18C589EA1B2DDED000B8A5EB /* Supporting Files */,
			);
			path = SuperCard;
			sourceTree = "<group>";
		};
		18C589EA1B2DDED000B8A5EB /* Supporting Files */ = {
			isa = PBXGroup;
			children = (
				18C589EB1B2DDED000B8A5EB /* Info.plist */,
				18C589EC1B2DDED000B8A5EB /* main.m */,
			);
			name = "Supporting Files";
			sourceTree = "<group>";
		};
		18C58A031B2DDED000B8A5EB /* SuperCardTests */ = {
			isa = PBXGroup;
			children = (
				18C58A061B2DDED000B8A5EB /* SuperCardTests.m */,
				18C58A041B2DDED000B8A5EB /* Supporting Files */,
			);
			path = SuperCardTests;
			sourceTree = "<group>";
		};
		18C58A041B2DDED000B8A5EB /* Supporting Files */ = {
			isa = PBXGroup;
			children = (
				18C58A051B2DDED000B8A5EB /* Info.plist */,
			);
			name = "Supporting Files";
			sourceTree = "<group>";
		};
/* End PBXGroup section */

/* Begin PBXNativeTarget section */
		18C589E61B2DDED000B8A5EB /* SuperCard */ = {
			isa = PBXNativeTarget;
			buildConfigurationList = 18C58A0A1B2DDED000B8A5EB /* Build configuration list for PBXNativeTarget "SuperCard" */;
			buildPhases = (
				18C589E31B2DDED000B8A5EB /* Sources */,
				18C589E41B2DDED000B8A5EB /* Frameworks */,
				18C589E51B2DDED000B8A5EB /* Resources */,
			);
			buildRules = (
			);
			dependencies = (
			);
			name = SuperCard;
			productName = SuperCard;
			productReference = 18C589E71B2DDED000B8A5EB /* SuperCard.app */;
			productType = "com.apple.product-type.application";
		};
		18C589FF1B2DDED000B8A5EB /* SuperCardTests */ = {
			isa = PBXNativeTarget;
			buildConfigurationList = 18C58A0D1B2DDED000B8A5EB /* Build configuration list for PBXNativeTarget "SuperCardTests" */;
			buildPhases = (
				18C589FC1B2DDED000B8A5EB /* Sources */,
				18C589FD1B2DDED000B8A5EB /* Frameworks */,
				18C589FE1B2DDED000B8A5EB /* Resources */,
			);
			buildRules = (
			);
			dependencies = (
				18C58A021B2DDED000B8A5EB /* PBXTargetDependency */,
			);
			name = SuperCardTests;
			productName = SuperCardTests;
			productReference = 18C58A001B2DDED000B8A5EB /* SuperCardTests.xctest */;
			productType = "com.apple.product-type.bundle.unit-test";
		};
/* End PBXNativeTarget section */

/* Begin PBXProject section */
		18C589DF1B2DDED000B8A5EB /* Project object */ = {
			isa = PBXProject;
			attributes = {
				LastUpgradeCheck = 0630;
				ORGANIZATIONNAME = teason;
				TargetAttributes = {
					18C589E61B2DDED000B8A5EB = {
						CreatedOnToolsVersion = 6.3.2;
					};
					18C589FF1B2DDED000B8A5EB = {
						CreatedOnToolsVersion = 6.3.2;
						TestTargetID = 18C589E61B2DDED000B8A5EB;
					};
				};
			};
			buildConfigurationList = 18C589E21B2DDED000B8A5EB /* Build configuration list for PBXProject "SuperCard" */;
			compatibilityVersion = "Xcode 3.2";
			developmentRegion = English;
			hasScannedForEncodings = 0;
			knownRegions = (
				en,
				Base,
			);
			mainGroup = 18C589DE1B2DDED000B8A5EB;
			productRefGroup = 18C589E81B2DDED000B8A5EB /* Products */;
			projectDirPath = "";
			projectRoot = "";
			targets = (
				18C589E61B2DDED000B8A5EB /* SuperCard */,
				18C589FF1B2DDED000B8A5EB /* SuperCardTests */,
			);
		};
/* End PBXProject section */

/* Begin PBXResourcesBuildPhase section */
		18C589E51B2DDED000B8A5EB /* Resources */ = {
			isa = PBXResourcesBuildPhase;
			buildActionMask = 2147483647;
			files = (
				18C589F61B2DDED000B8A5EB /* Main.storyboard in Resources */,
				18C589FB1B2DDED000B8A5EB /* LaunchScreen.xib in Resources */,
				18C589F81B2DDED000B8A5EB /* Images.xcassets in Resources */,
			);
			runOnlyForDeploymentPostprocessing = 0;
		};
		18C589FE1B2DDED000B8A5EB /* Resources */ = {
			isa = PBXResourcesBuildPhase;
			buildActionMask = 2147483647;
			files = (
			);
			runOnlyForDeploymentPostprocessing = 0;
		};
/* End PBXResourcesBuildPhase section */

/* Begin PBXSourcesBuildPhase section */
		18C589E31B2DDED000B8A5EB /* Sources */ = {
			isa = PBXSourcesBuildPhase;
			buildActionMask = 2147483647;
			files = (
				18C589F31B2DDED000B8A5EB /* ViewController.m in Sources */,
				18C589F01B2DDED000B8A5EB /* AppDelegate.m in Sources */,
				18C589ED1B2DDED000B8A5EB /* main.m in Sources */,
			);
			runOnlyForDeploymentPostprocessing = 0;
		};
		18C589FC1B2DDED000B8A5EB /* Sources */ = {
			isa = PBXSourcesBuildPhase;
			buildActionMask = 2147483647;
			files = (
				18C58A071B2DDED000B8A5EB /* SuperCardTests.m in Sources */,
			);
			runOnlyForDeploymentPostprocessing = 0;
		};
/* End PBXSourcesBuildPhase section */

/* Begin PBXTargetDependency section */
		18C58A021B2DDED000B8A5EB /* PBXTargetDependency */ = {
			isa = PBXTargetDependency;
			target = 18C589E61B2DDED000B8A5EB /* SuperCard */;
			targetProxy = 18C58A011B2DDED000B8A5EB /* PBXContainerItemProxy */;
		};
/* End PBXTargetDependency section */

/* Begin PBXVariantGroup section */
		18C589F41B2DDED000B8A5EB /* Main.storyboard */ = {
			isa = PBXVariantGroup;
			children = (
				18C589F51B2DDED000B8A5EB /* Base */,
			);
			name = Main.storyboard;
			sourceTree = "<group>";
		};
		18C589F91B2DDED000B8A5EB /* LaunchScreen.xib */ = {
			isa = PBXVariantGroup;
			children = (
				18C589FA1B2DDED000B8A5EB /* Base */,
			);
			name = LaunchScreen.xib;
			sourceTree = "<group>";
		};
/* End PBXVariantGroup section */

/* Begin XCBuildConfiguration section */
		18C58A081B2DDED000B8A5EB /* Debug */ = {
			isa = XCBuildConfiguration;
			buildSettings = {
				ALWAYS_SEARCH_USER_PATHS = NO;
				CLANG_CXX_LANGUAGE_STANDARD = "gnu++0x";
				CLANG_CXX_LIBRARY = "libc++";
				CLANG_ENABLE_MODULES = YES;
				CLANG_ENABLE_OBJC_ARC = YES;
				CLANG_WARN_BOOL_CONVERSION = YES;
				CLANG_WARN_CONSTANT_CONVERSION = YES;
				CLANG_WARN_DIRECT_OBJC_ISA_USAGE = YES_ERROR;
				CLANG_WARN_EMPTY_BODY = YES;
				CLANG_WARN_ENUM_CONVERSION = YES;
				CLANG_WARN_INT_CONVERSION = YES;
				CLANG_WARN_OBJC_ROOT_CLASS = YES_ERROR;
				CLANG_WARN_UNREACHABLE_CODE = YES;
				CLANG_WARN__DUPLICATE_METHOD_MATCH = YES;
				"CODE_SIGN_IDENTITY[sdk=iphoneos*]" = "iPhone Developer";
				COPY_PHASE_STRIP = NO;
				DEBUG_INFORMATION_FORMAT = "dwarf-with-dsym";
				ENABLE_STRICT_OBJC_MSGSEND = YES;
				GCC_C_LANGUAGE_STANDARD = gnu99;
				GCC_DYNAMIC_NO_PIC = NO;
				GCC_NO_COMMON_BLOCKS = YES;
				GCC_OPTIMIZATION_LEVEL = 0;
				GCC_PREPROCESSOR_DEFINITIONS = (
					"DEBUG=1",
					"$(inherited)",
				);
				GCC_SYMBOLS_PRIVATE_EXTERN = NO;
				GCC_WARN_64_TO_32_BIT_CONVERSION = YES;
				GCC_WARN_ABOUT_RETURN_TYPE = YES_ERROR;
				GCC_WARN_UNDECLARED_SELECTOR = YES;
				GCC_WARN_UNINITIALIZED_AUTOS = YES_AGGRESSIVE;
				GCC_WARN_UNUSED_FUNCTION = YES;
				GCC_WARN_UNUSED_VARIABLE = YES;
				IPHONEOS_DEPLOYMENT_TARGET = 8.3;
				MTL_ENABLE_DEBUG_INFO = YES;
				ONLY_ACTIVE_ARCH = YES;
				SDKROOT = iphoneos;
			};
			name = Debug;
		};
		18C58A091B2DDED000B8A5EB /* Release */ = {
			isa = XCBuildConfiguration;
			buildSettings = {
				ALWAYS_SEARCH_USER_PATHS = NO;
				CLANG_CXX_LANGUAGE_STANDARD = "gnu++0x";
				CLANG_CXX_LIBRARY = "libc++";
				CLANG_ENABLE_MODULES = YES;
				CLANG_ENABLE_OBJC_ARC = YES;
				CLANG_WARN_BOOL_CONVERSION = YES;
				CLANG_WARN_CONSTANT_CONVERSION = YES;
				CLANG_WARN_DIRECT_OBJC_ISA_USAGE = YES_ERROR;
				CLANG_WARN_EMPTY_BODY = YES;
				CLANG_WARN_ENUM_CONVERSION = YES;
				CLANG_WARN_INT_CONVERSION = YES;
				CLANG_WARN_OBJC_ROOT_CLASS = YES_ERROR;
				CLANG_WARN_UNREACHABLE_CODE = YES;
				CLANG_WARN__DUPLICATE_METHOD_MATCH = YES;
				"CODE_SIGN_IDENTITY[sdk=iphoneos*]" = "iPhone Developer";
				COPY_PHASE_STRIP = NO;
				DEBUG_INFORMATION_FORMAT = "dwarf-with-dsym";
				ENABLE_NS_ASSERTIONS = NO;
				ENABLE_STRICT_OBJC_MSGSEND = YES;
				GCC_C_LANGUAGE_STANDARD = gnu99;
				GCC_NO_COMMON_BLOCKS = YES;
				GCC_WARN_64_TO_32_BIT_CONVERSION = YES;
				GCC_WARN_ABOUT_RETURN_TYPE = YES_ERROR;
				GCC_WARN_UNDECLARED_SELECTOR = YES;
				GCC_WARN_UNINITIALIZED_AUTOS = YES_AGGRESSIVE;
				GCC_WARN_UNUSED_FUNCTION = YES;
				GCC_WARN_UNUSED_VARIABLE = YES;
				IPHONEOS_DEPLOYMENT_TARGET = 8.3;
				MTL_ENABLE_DEBUG_INFO = NO;
				SDKROOT = iphoneos;
				VALIDATE_PRODUCT = YES;
			};
			name = Release;
		};
		18C58A0B1B2DDED000B8A5EB /* Debug */ = {
			isa = XCBuildConfiguration;
			buildSettings = {
				ASSETCATALOG_COMPILER_APPICON_NAME = AppIcon;
				INFOPLIST_FILE = SuperCard/Info.plist;
				LD_RUNPATH_SEARCH_PATHS = "$(inherited) @executable_path/Frameworks";
				PRODUCT_NAME = "$(TARGET_NAME)";
			};
			name = Debug;
		};
		18C58A0C1B2DDED000B8A5EB /* Release */ = {
			isa = XCBuildConfiguration;
			buildSettings = {
				ASSETCATALOG_COMPILER_APPICON_NAME = AppIcon;
				INFOPLIST_FILE = SuperCard/Info.plist;
				LD_RUNPATH_SEARCH_PATHS = "$(inherited) @executable_path/Frameworks";
				PRODUCT_NAME = "$(TARGET_NAME)";
			};
			name = Release;
		};
		18C58A0E1B2DDED000B8A5EB /* Debug */ = {
			isa = XCBuildConfiguration;
			buildSettings = {
				BUNDLE_LOADER = "$(TEST_HOST)";
				FRAMEWORK_SEARCH_PATHS = (
					"$(SDKROOT)/Developer/Library/Frameworks",
					"$(inherited)",
				);
				GCC_PREPROCESSOR_DEFINITIONS = (
					"DEBUG=1",
					"$(inherited)",
				);
				INFOPLIST_FILE = SuperCardTests/Info.plist;
				LD_RUNPATH_SEARCH_PATHS = "$(inherited) @executable_path/Frameworks @loader_path/Frameworks";
				PRODUCT_NAME = "$(TARGET_NAME)";
				TEST_HOST = "$(BUILT_PRODUCTS_DIR)/SuperCard.app/SuperCard";
			};
			name = Debug;
		};
		18C58A0F1B2DDED000B8A5EB /* Release */ = {
			isa = XCBuildConfiguration;
			buildSettings = {
				BUNDLE_LOADER = "$(TEST_HOST)";
				FRAMEWORK_SEARCH_PATHS = (
					"$(SDKROOT)/Developer/Library/Frameworks",
					"$(inherited)",
				);
				INFOPLIST_FILE = SuperCardTests/Info.plist;
				LD_RUNPATH_SEARCH_PATHS = "$(inherited) @executable_path/Frameworks @loader_path/Frameworks";
				PRODUCT_NAME = "$(TARGET_NAME)";
				TEST_HOST = "$(BUILT_PRODUCTS_DIR)/SuperCard.app/SuperCard";
			};
			name = Release;
		};
/* End XCBuildConfiguration section */

/* Begin XCConfigurationList section */
		18C589E21B2DDED000B8A5EB /* Build configuration list for PBXProject "SuperCard" */ = {
			isa = XCConfigurationList;
			buildConfigurations = (
				18C58A081B2DDED000B8A5EB /* Debug */,
				18C58A091B2DDED000B8A5EB /* Release */,
			);
			defaultConfigurationIsVisible = 0;
			defaultConfigurationName = Release;
		};
		18C58A0A1B2DDED000B8A5EB /* Build configuration list for PBXNativeTarget "SuperCard" */ = {
			isa = XCConfigurationList;
			buildConfigurations = (
				18C58A0B1B2DDED000B8A5EB /* Debug */,
				18C58A0C1B2DDED000B8A5EB /* Release */,
			);
			defaultConfigurationIsVisible = 0;
		};
		18C58A0D1B2DDED000B8A5EB /* Build configuration list for PBXNativeTarget "SuperCardTests" */ = {
			isa = XCConfigurationList;
			buildConfigurations = (
				18C58A0E1B2DDED000B8A5EB /* Debug */,
				18C58A0F1B2DDED000B8A5EB /* Release */,
			);
			defaultConfigurationIsVisible = 0;
		};
/* End XCConfigurationList section */
	};
	rootObject = 18C589DF1B2DDED000B8A5EB /* Project object */;
}
